{
  "name": "SumSchool-Climbing",
  "lockfileVersion": 3,
  "requires": true,
  "packages": {
    "": {
      "dependencies": {
        "@fastify/cookie": "^11.0.2"
      }
    },
    "node_modules/@fastify/cookie": {
      "version": "11.0.2",
      "resolved": "https://registry.npmjs.org/@fastify/cookie/-/cookie-11.0.2.tgz",
      "integrity": "sha512-GWdwdGlgJxyvNv+QcKiGNevSspMQXncjMZ1J8IvuDQk0jvkzgWWZFNC2En3s+nHndZBGV8IbLwOI/sxCZw/mzA==",
      "funding": [
        {
          "type": "github",
          "url": "https://github.com/sponsors/fastify"
        },
        {
          "type": "opencollective",
          "url": "https://opencollective.com/fastify"
        }
      ],
      "license": "MIT",
      "dependencies": {
        "cookie": "^1.0.0",
        "fastify-plugin": "^5.0.0"
      }
    },
    "node_modules/cookie": {
      "version": "1.1.1",
      "resolved": "https://registry.npmjs.org/cookie/-/cookie-1.1.1.tgz",
      "integrity": "sha512-ei8Aos7ja0weRpFzJnEA9UHJ/7XQmqglbRwnf2ATjcB9Wq874VKH9kfjjirM6UhU2/E5fFYadylyhFldcqSidQ==",
      "license": "MIT",
      "engines": {
        "node": ">=18"
      },
      "funding": {
        "type": "opencollective",
        "url": "https://opencollective.com/express"
      }
    },
    "node_modules/fastify-plugin": {
      "version": "5.1.0",
      "resolved": "https://registry.npmjs.org/fastify-plugin/-/fastify-plugin-5.1.0.tgz",
      "integrity": "sha512-FAIDA8eovSt5qcDgcBvDuX/v0Cjz0ohGhENZ/wpc3y+oZCY2afZ9Baqql3g/lC+OHRnciQol4ww7tuthOb9idw==",
      "funding": [
        {
          "type": "github",
          "url": "https://github.com/sponsors/fastify"
        },
        {
          "type": "opencollective",
          "url": "https://opencollective.com/fastify"
        }
      ],
      "license": "MIT"
    }
  }
}
